{
  "name": "dsh-svw-waveform",
  "version": "0.1.0",
  "lockfileVersion": 3,
  "requires": true,
  "packages": {
    "": {
      "name": "dsh-svw-waveform",
      "version": "0.1.0",
      "license": "MIT",
      "workspaces": [
        "npm/*"
      ],
      "engines": {
        "node": ">=22.14.0"
      },
      "optionalDependencies": {
        "dsh-svw-waveform-darwin-arm64": "0.1.0",
        "dsh-svw-waveform-linux-x64": "0.1.0"
      }
    },
    "node_modules/dsh-svw-waveform-darwin-arm64": {
      "resolved": "npm/darwin-arm64",
      "link": true
    },
    "node_modules/dsh-svw-waveform-linux-x64": {
      "resolved": "npm/linux-x64",
      "link": true
    },
    "npm/darwin-arm64": {
      "name": "dsh-svw-waveform-darwin-arm64",
      "version": "0.1.0",
      "cpu": [
        "arm64"
      ],
      "license": "MIT",
      "os": [
        "darwin"
      ]
    },
    "npm/linux-x64": {
      "name": "dsh-svw-waveform-linux-x64",
      "version": "0.1.0",
      "cpu": [
        "x64"
      ],
      "license": "MIT",
      "os": [
        "linux"
      ]
    }
  }
}
